
Microsoft Visual Studio Solution File, Format Version 12.00
# Visual Studio Version 17
VisualStudioVersion = 17.3.32901.215
MinimumVisualStudioVersion = 10.0.40219.1
Project("{8BC9CEB8-8B4A-11D0-8D11-00A0C91BC942}") = "Constructor Critter", "Constructor Critter\Constructor Critter.vcxproj", "{1327CF04-0C87-4BFC-981E-DCA60FABE9A8}"
EndProject
Global
	GlobalSection(SolutionConfigurationPlatforms) = preSolution
		Debug|x64 = Debug|x64
		Debug|x86 = Debug|x86
		Release|x64 = Release|x64
		Release|x86 = Release|x86
	EndGlobalSection
	GlobalSection(ProjectConfigurationPlatforms) = postSolution
		{1327CF04-0C87-4BFC-981E-DCA60FABE9A8}.Debug|x64.ActiveCfg = Debug|x64
		{1327CF04-0C87-4BFC-981E-DCA60FABE9A8}.Debug|x64.Build.0 = Debug|x64
		{1327CF04-0C87-4BFC-981E-DCA60FABE9A8}.Debug|x86.ActiveCfg = Debug|Win32
		{1327CF04-0C87-4BFC-981E-DCA60FABE9A8}.Debug|x86.Build.0 = Debug|Win32
		{1327CF04-0C87-4BFC-981E-DCA60FABE9A8}.Release|x64.ActiveCfg = Release|x64
		{1327CF04-0C87-4BFC-981E-DCA60FABE9A8}.Release|x64.Build.0 = Release|x64
		{1327CF04-0C87-4BFC-981E-DCA60FABE9A8}.Release|x86.ActiveCfg = Release|Win32
		{1327CF04-0C87-4BFC-981E-DCA60FABE9A8}.Release|x86.Build.0 = Release|Win32
	EndGlobalSection
	GlobalSection(SolutionProperties) = preSolution
		HideSolutionNode = FALSE
	EndGlobalSection
	GlobalSection(ExtensibilityGlobals) = postSolution
		SolutionGuid = {8A84940D-8278-4304-96E4-17F5D7981DBF}
	EndGlobalSection
EndGlobal
